{
  "name": "IBMCodeChallenge",
  "requires": true,
  "lockfileVersion": 1,
  "dependencies": {
    "knex-paginate": {
      "version": "1.2.3",
      "resolved": "https://registry.npmjs.org/knex-paginate/-/knex-paginate-1.2.3.tgz",
      "integrity": "sha512-9vdXuuXzy1poAJvkd3+G2RrOuOqMWqB0Ml5n40j5LyzVN0uhGQs/+DnJD54LkkhOqOSKV1Rq9mDoWJFIrKXtNg=="
    }
  }
}
